PODS:
  - Flutter (1.0.0)
  - flutter_nsfw_scaner (0.2.0):
    - Flutter
    - TensorFlowLiteSwift (~> 2.14.0)
  - integration_test (0.0.1):
    - Flutter
  - TensorFlowLiteC (2.14.0):
    - TensorFlowLiteC/Core (= 2.14.0)
  - TensorFlowLiteC/Core (2.14.0)
  - TensorFlowLiteSwift (2.14.0):
    - TensorFlowLiteSwift/Core (= 2.14.0)
  - TensorFlowLiteSwift/Core (2.14.0):
    - TensorFlowLiteC (= 2.14.0)

DEPENDENCIES:
  - Flutter (from `Flutter`)
  - flutter_nsfw_scaner (from `.symlinks/plugins/flutter_nsfw_scaner/ios`)
  - integration_test (from `.symlinks/plugins/integration_test/ios`)

SPEC REPOS:
  trunk:
    - TensorFlowLiteC
    - TensorFlowLiteSwift

EXTERNAL SOURCES:
  Flutter:
    :path: Flutter
  flutter_nsfw_scaner:
    :path: ".symlinks/plugins/flutter_nsfw_scaner/ios"
  integration_test:
    :path: ".symlinks/plugins/integration_test/ios"

SPEC CHECKSUMS:
  Flutter: cabc95a1d2626b1b06e7179b784ebcf0c0cde467
  flutter_nsfw_scaner: e059d9fee11f0336ff47800535eec4afedebf2a1
  integration_test: 4a889634ef21a45d28d50d622cf412dc6d9f586e
  TensorFlowLiteC: a836de9b6e6018665ccc349538bdd2c3b80dd7a5
  TensorFlowLiteSwift: f706b143b69d7bf433aba7b08049bdd11c321a10

PODFILE CHECKSUM: 1b4e38c5a7977b1d2784dfb12c349b2547df92da

COCOAPODS: 1.16.2
